// !$*UTF8*$!
{
	archiveVersion = 1;
	classes = {
	};
	objectVersion = 50;
	objects = {

/* Begin PBXBuildFile section */
		331FEAFD21BAD14300815F8D /* AppDelegate.swift in Sources */ = {isa = PBXBuildFile; fileRef = 331FEAFC21BAD14300815F8D /* AppDelegate.swift */; };
		331FEB0021BAD14300815F8D /* Core_Data_demo.xcdatamodeld in Sources */ = {isa = PBXBuildFile; fileRef = 331FEAFE21BAD14300815F8D /* Core_Data_demo.xcdatamodeld */; };
		331FEB0221BAD14300815F8D /* MasterViewController.swift in Sources */ = {isa = PBXBuildFile; fileRef = 331FEB0121BAD14300815F8D /* MasterViewController.swift */; };
		331FEB0421BAD14300815F8D /* DetailViewController.swift in Sources */ = {isa = PBXBuildFile; fileRef = 331FEB0321BAD14300815F8D /* DetailViewController.swift */; };
		331FEB0721BAD14300815F8D /* Main.storyboard in Resources */ = {isa = PBXBuildFile; fileRef = 331FEB0521BAD14300815F8D /* Main.storyboard */; };
		331FEB0921BAD14400815F8D /* Assets.xcassets in Resources */ = {isa = PBXBuildFile; fileRef = 331FEB0821BAD14400815F8D /* Assets.xcassets */; };
		331FEB0C21BAD14400815F8D /* LaunchScreen.storyboard in Resources */ = {isa = PBXBuildFile; fileRef = 331FEB0A21BAD14400815F8D /* LaunchScreen.storyboard */; };
/* End PBXBuildFile section */

/* Begin PBXFileReference section */
		331FEAF921BAD14300815F8D /* Core Data demo.app */ = {isa = PBXFileReference; explicitFileType = wrapper.application; includeInIndex = 0; path = "Core Data demo.app"; sourceTree = BUILT_PRODUCTS_DIR; };
		331FEAFC21BAD14300815F8D /* AppDelegate.swift */ = {isa = PBXFileReference; lastKnownFileType = sourcecode.swift; path = AppDelegate.swift; sourceTree = "<group>"; };
		331FEAFF21BAD14300815F8D /* Core_Data_demo.xcdatamodel */ = {isa = PBXFileReference; lastKnownFileType = wrapper.xcdatamodel; path = Core_Data_demo.xcdatamodel; sourceTree = "<group>"; };
		331FEB0121BAD14300815F8D /* MasterViewController.swift */ = {isa = PBXFileReference; lastKnownFileType = sourcecode.swift; path = MasterViewController.swift; sourceTree = "<group>"; };
		331FEB0321BAD14300815F8D /* DetailViewController.swift */ = {isa = PBXFileReference; lastKnownFileType = sourcecode.swift; path = DetailViewController.swift; sourceTree = "<group>"; };
		331FEB0621BAD14300815F8D /* Base */ = {isa = PBXFileReference; lastKnownFileType = file.storyboard; name = Base; path = Base.lproj/Main.storyboard; sourceTree = "<group>"; };
		331FEB0821BAD14400815F8D /* Assets.xcassets */ = {isa = PBXFileReference; lastKnownFileType = folder.assetcatalog; path = Assets.xcassets; sourceTree = "<group>"; };
		331FEB0B21BAD14400815F8D /* Base */ = {isa = PBXFileReference; lastKnownFileType = file.storyboard; name = Base; path = Base.lproj/LaunchScreen.storyboard; sourceTree = "<group>"; };
		331FEB0D21BAD14400815F8D /* Info.plist */ = {isa = PBXFileReference; lastKnownFileType = text.plist.xml; path = Info.plist; sourceTree = "<group>"; };
/* End PBXFileReference section */

/* Begin PBXFrameworksBuildPhase section */
		331FEAF621BAD14300815F8D /* Frameworks */ = {
			isa = PBXFrameworksBuildPhase;
			buildActionMask = 2147483647;
			files = (
			);
			runOnlyForDeploymentPostprocessing = 0;
		};
/* End PBXFrameworksBuildPhase section */

/* Begin PBXGroup section */
		331FEAF021BAD14300815F8D = {
			isa = PBXGroup;
			children = (
				331FEAFB21BAD14300815F8D /* Core Data demo */,
				331FEAFA21BAD14300815F8D /* Products */,
			);
			sourceTree = "<group>";
		};
		331FEAFA21BAD14300815F8D /* Products */ = {
			isa = PBXGroup;
			children = (
				331FEAF921BAD14300815F8D /* Core Data demo.app */,
			);
			name = Products;
			sourceTree = "<group>";
		};
		331FEAFB21BAD14300815F8D /* Core Data demo */ = {
			isa = PBXGroup;
			children = (
				331FEAFC21BAD14300815F8D /* AppDelegate.swift */,
				331FEB0121BAD14300815F8D /* MasterViewController.swift */,
				331FEB0321BAD14300815F8D /* DetailViewController.swift */,
				331FEB0521BAD14300815F8D /* Main.storyboard */,
				331FEB0821BAD14400815F8D /* Assets.xcassets */,
				331FEB0A21BAD14400815F8D /* LaunchScreen.storyboard */,
				331FEB0D21BAD14400815F8D /* Info.plist */,
				331FEAFE21BAD14300815F8D /* Core_Data_demo.xcdatamodeld */,
			);
			path = "Core Data demo";
			sourceTree = "<group>";
		};
/* End PBXGroup section */

/* Begin PBXNativeTarget section */
		331FEAF821BAD14300815F8D /* Core Data demo */ = {
			isa = PBXNativeTarget;
			buildConfigurationList = 331FEB1021BAD14400815F8D /* Build configuration list for PBXNativeTarget "Core Data demo" */;
			buildPhases = (
				331FEAF521BAD14300815F8D /* Sources */,
				331FEAF621BAD14300815F8D /* Frameworks */,
				331FEAF721BAD14300815F8D /* Resources */,
			);
			buildRules = (
			);
			dependencies = (
			);
			name = "Core Data demo";
			productName = "Core Data demo";
			productReference = 331FEAF921BAD14300815F8D /* Core Data demo.app */;
			productType = "com.apple.product-type.application";
		};
/* End PBXNativeTarget section */

/* Begin PBXProject section */
		331FEAF121BAD14300815F8D /* Project object */ = {
			isa = PBXProject;
			attributes = {
				LastSwiftUpdateCheck = 1010;
				LastUpgradeCheck = 1010;
				ORGANIZATIONNAME = "Human Coders";
				TargetAttributes = {
					331FEAF821BAD14300815F8D = {
						CreatedOnToolsVersion = 10.1;
					};
				};
			};
			buildConfigurationList = 331FEAF421BAD14300815F8D /* Build configuration list for PBXProject "Core Data demo" */;
			compatibilityVersion = "Xcode 9.3";
			developmentRegion = en;
			hasScannedForEncodings = 0;
			knownRegions = (
				en,
				Base,
			);
			mainGroup = 331FEAF021BAD14300815F8D;
			productRefGroup = 331FEAFA21BAD14300815F8D /* Products */;
			projectDirPath = "";
			projectRoot = "";
			targets = (
				331FEAF821BAD14300815F8D /* Core Data demo */,
			);
		};
/* End PBXProject section */

/* Begin PBXResourcesBuildPhase section */
		331FEAF721BAD14300815F8D /* Resources */ = {
			isa = PBXResourcesBuildPhase;
			buildActionMask = 2147483647;
			files = (
				331FEB0C21BAD14400815F8D /* LaunchScreen.storyboard in Resources */,
				331FEB0921BAD14400815F8D /* Assets.xcassets in Resources */,
				331FEB0721BAD14300815F8D /* Main.storyboard in Resources */,
			);
			runOnlyForDeploymentPostprocessing = 0;
		};
/* End PBXResourcesBuildPhase section */

/* Begin PBXSourcesBuildPhase section */
		331FEAF521BAD14300815F8D /* Sources */ = {
			isa = PBXSourcesBuildPhase;
			buildActionMask = 2147483647;
			files = (
				331FEAFD21BAD14300815F8D /* AppDelegate.swift in Sources */,
				331FEB0021BAD14300815F8D /* Core_Data_demo.xcdatamodeld in Sources */,
				331FEB0221BAD14300815F8D /* MasterViewController.swift in Sources */,
				331FEB0421BAD14300815F8D /* DetailViewController.swift in Sources */,
			);
			runOnlyForDeploymentPostprocessing = 0;
		};
/* End PBXSourcesBuildPhase section */

/* Begin PBXVariantGroup section */
		331FEB0521BAD14300815F8D /* Main.storyboard */ = {
			isa = PBXVariantGroup;
			children = (
				331FEB0621BAD14300815F8D /* Base */,
			);
			name = Main.storyboard;
			sourceTree = "<group>";
		};
		331FEB0A21BAD14400815F8D /* LaunchScreen.storyboard */ = {
			isa = PBXVariantGroup;
			children = (
				331FEB0B21BAD14400815F8D /* Base */,
			);
			name = LaunchScreen.storyboard;
			sourceTree = "<group>";
		};
/* End PBXVariantGroup section */

/* Begin XCBuildConfiguration section */
		331FEB0E21BAD14400815F8D /* Debug */ = {
			isa = XCBuildConfiguration;
			buildSettings = {
				ALWAYS_SEARCH_USER_PATHS = NO;
				CLANG_ANALYZER_NONNULL = YES;
				CLANG_ANALYZER_NUMBER_OBJECT_CONVERSION = YES_AGGRESSIVE;
				CLANG_CXX_LANGUAGE_STANDARD = "gnu++14";
				CLANG_CXX_LIBRARY = "libc++";
				CLANG_ENABLE_MODULES = YES;
				CLANG_ENABLE_OBJC_ARC = YES;
				CLANG_ENABLE_OBJC_WEAK = YES;
				CLANG_WARN_BLOCK_CAPTURE_AUTORELEASING = YES;
				CLANG_WARN_BOOL_CONVERSION = YES;
				CLANG_WARN_COMMA = YES;
				CLANG_WARN_CONSTANT_CONVERSION = YES;
				CLANG_WARN_DEPRECATED_OBJC_IMPLEMENTATIONS = YES;
				CLANG_WARN_DIRECT_OBJC_ISA_USAGE = YES_ERROR;
				CLANG_WARN_DOCUMENTATION_COMMENTS = YES;
				CLANG_WARN_EMPTY_BODY = YES;
				CLANG_WARN_ENUM_CONVERSION = YES;
				CLANG_WARN_INFINITE_RECURSION = YES;
				CLANG_WARN_INT_CONVERSION = YES;
				CLANG_WARN_NON_LITERAL_NULL_CONVERSION = YES;
				CLANG_WARN_OBJC_IMPLICIT_RETAIN_SELF = YES;
				CLANG_WARN_OBJC_LITERAL_CONVERSION = YES;
				CLANG_WARN_OBJC_ROOT_CLASS = YES_ERROR;
				CLANG_WARN_RANGE_LOOP_ANALYSIS = YES;
				CLANG_WARN_STRICT_PROTOTYPES = YES;
				CLANG_WARN_SUSPICIOUS_MOVE = YES;
				CLANG_WARN_UNGUARDED_AVAILABILITY = YES_AGGRESSIVE;
				CLANG_WARN_UNREACHABLE_CODE = YES;
				CLANG_WARN__DUPLICATE_METHOD_MATCH = YES;
				CODE_SIGN_IDENTITY = "iPhone Developer";
				COPY_PHASE_STRIP = NO;
				DEBUG_INFORMATION_FORMAT = dwarf;
				ENABLE_STRICT_OBJC_MSGSEND = YES;
				ENABLE_TESTABILITY = YES;
				GCC_C_LANGUAGE_STANDARD = gnu11;
				GCC_DYNAMIC_NO_PIC = NO;
				GCC_NO_COMMON_BLOCKS = YES;
				GCC_OPTIMIZATION_LEVEL = 0;
				GCC_PREPROCESSOR_DEFINITIONS = (
					"DEBUG=1",
					"$(inherited)",
				);
				GCC_WARN_64_TO_32_BIT_CONVERSION = YES;
				GCC_WARN_ABOUT_RETURN_TYPE = YES_ERROR;
				GCC_WARN_UNDECLARED_SELECTOR = YES;
				GCC_WARN_UNINITIALIZED_AUTOS = YES_AGGRESSIVE;
				GCC_WARN_UNUSED_FUNCTION = YES;
				GCC_WARN_UNUSED_VARIABLE = YES;
				IPHONEOS_DEPLOYMENT_TARGET = 12.1;
				MTL_ENABLE_DEBUG_INFO = INCLUDE_SOURCE;
				MTL_FAST_MATH = YES;
				ONLY_ACTIVE_ARCH = YES;
				SDKROOT = iphoneos;
				SWIFT_ACTIVE_COMPILATION_CONDITIONS = DEBUG;
				SWIFT_OPTIMIZATION_LEVEL = "-Onone";
			};
			name = Debug;
		};
		331FEB0F21BAD14400815F8D /* Release */ = {
			isa = XCBuildConfiguration;
			buildSettings = {
				ALWAYS_SEARCH_USER_PATHS = NO;
				CLANG_ANALYZER_NONNULL = YES;
				CLANG_ANALYZER_NUMBER_OBJECT_CONVERSION = YES_AGGRESSIVE;
				CLANG_CXX_LANGUAGE_STANDARD = "gnu++14";
				CLANG_CXX_LIBRARY = "libc++";
				CLANG_ENABLE_MODULES = YES;
				CLANG_ENABLE_OBJC_ARC = YES;
				CLANG_ENABLE_OBJC_WEAK = YES;
				CLANG_WARN_BLOCK_CAPTURE_AUTORELEASING = YES;
				CLANG_WARN_BOOL_CONVERSION = YES;
				CLANG_WARN_COMMA = YES;
				CLANG_WARN_CONSTANT_CONVERSION = YES;
				CLANG_WARN_DEPRECATED_OBJC_IMPLEMENTATIONS = YES;
				CLANG_WARN_DIRECT_OBJC_ISA_USAGE = YES_ERROR;
				CLANG_WARN_DOCUMENTATION_COMMENTS = YES;
				CLANG_WARN_EMPTY_BODY = YES;
				CLANG_WARN_ENUM_CONVERSION = YES;
				CLANG_WARN_INFINITE_RECURSION = YES;
				CLANG_WARN_INT_CONVERSION = YES;
				CLANG_WARN_NON_LITERAL_NULL_CONVERSION = YES;
				CLANG_WARN_OBJC_IMPLICIT_RETAIN_SELF = YES;
				CLANG_WARN_OBJC_LITERAL_CONVERSION = YES;
				CLANG_WARN_OBJC_ROOT_CLASS = YES_ERROR;
				CLANG_WARN_RANGE_LOOP_ANALYSIS = YES;
				CLANG_WARN_STRICT_PROTOTYPES = YES;
				CLANG_WARN_SUSPICIOUS_MOVE = YES;
				CLANG_WARN_UNGUARDED_AVAILABILITY = YES_AGGRESSIVE;
				CLANG_WARN_UNREACHABLE_CODE = YES;
				CLANG_WARN__DUPLICATE_METHOD_MATCH = YES;
				CODE_SIGN_IDENTITY = "iPhone Developer";
				COPY_PHASE_STRIP = NO;
				DEBUG_INFORMATION_FORMAT = "dwarf-with-dsym";
				ENABLE_NS_ASSERTIONS = NO;
				ENABLE_STRICT_OBJC_MSGSEND = YES;
				GCC_C_LANGUAGE_STANDARD = gnu11;
				GCC_NO_COMMON_BLOCKS = YES;
				GCC_WARN_64_TO_32_BIT_CONVERSION = YES;
				GCC_WARN_ABOUT_RETURN_TYPE = YES_ERROR;
				GCC_WARN_UNDECLARED_SELECTOR = YES;
				GCC_WARN_UNINITIALIZED_AUTOS = YES_AGGRESSIVE;
				GCC_WARN_UNUSED_FUNCTION = YES;
				GCC_WARN_UNUSED_VARIABLE = YES;
				IPHONEOS_DEPLOYMENT_TARGET = 12.1;
				MTL_ENABLE_DEBUG_INFO = NO;
				MTL_FAST_MATH = YES;
				SDKROOT = iphoneos;
				SWIFT_COMPILATION_MODE = wholemodule;
				SWIFT_OPTIMIZATION_LEVEL = "-O";
				VALIDATE_PRODUCT = YES;
			};
			name = Release;
		};
		331FEB1121BAD14400815F8D /* Debug */ = {
			isa = XCBuildConfiguration;
			buildSettings = {
				ASSETCATALOG_COMPILER_APPICON_NAME = AppIcon;
				CODE_SIGN_STYLE = Automatic;
				DEVELOPMENT_TEAM = A7SGM6JEMA;
				INFOPLIST_FILE = "Core Data demo/Info.plist";
				LD_RUNPATH_SEARCH_PATHS = (
					"$(inherited)",
					"@executable_path/Frameworks",
				);
				PRODUCT_BUNDLE_IDENTIFIER = "fr.human-coders.paris.Core-Data-demo";
				PRODUCT_NAME = "$(TARGET_NAME)";
				SWIFT_VERSION = 4.2;
				TARGETED_DEVICE_FAMILY = "1,2";
			};
			name = Debug;
		};
		331FEB1221BAD14400815F8D /* Release */ = {
			isa = XCBuildConfiguration;
			buildSettings = {
				ASSETCATALOG_COMPILER_APPICON_NAME = AppIcon;
				CODE_SIGN_STYLE = Automatic;
				DEVELOPMENT_TEAM = A7SGM6JEMA;
				INFOPLIST_FILE = "Core Data demo/Info.plist";
				LD_RUNPATH_SEARCH_PATHS = (
					"$(inherited)",
					"@executable_path/Frameworks",
				);
				PRODUCT_BUNDLE_IDENTIFIER = "fr.human-coders.paris.Core-Data-demo";
				PRODUCT_NAME = "$(TARGET_NAME)";
				SWIFT_VERSION = 4.2;
				TARGETED_DEVICE_FAMILY = "1,2";
			};
			name = Release;
		};
/* End XCBuildConfiguration section */

/* Begin XCConfigurationList section */
		331FEAF421BAD14300815F8D /* Build configuration list for PBXProject "Core Data demo" */ = {
			isa = XCConfigurationList;
			buildConfigurations = (
				331FEB0E21BAD14400815F8D /* Debug */,
				331FEB0F21BAD14400815F8D /* Release */,
			);
			defaultConfigurationIsVisible = 0;
			defaultConfigurationName = Release;
		};
		331FEB1021BAD14400815F8D /* Build configuration list for PBXNativeTarget "Core Data demo" */ = {
			isa = XCConfigurationList;
			buildConfigurations = (
				331FEB1121BAD14400815F8D /* Debug */,
				331FEB1221BAD14400815F8D /* Release */,
			);
			defaultConfigurationIsVisible = 0;
			defaultConfigurationName = Release;
		};
/* End XCConfigurationList section */

/* Begin XCVersionGroup section */
		331FEAFE21BAD14300815F8D /* Core_Data_demo.xcdatamodeld */ = {
			isa = XCVersionGroup;
			children = (
				331FEAFF21BAD14300815F8D /* Core_Data_demo.xcdatamodel */,
			);
			currentVersion = 331FEAFF21BAD14300815F8D /* Core_Data_demo.xcdatamodel */;
			path = Core_Data_demo.xcdatamodeld;
			sourceTree = "<group>";
			versionGroupType = wrapper.xcdatamodel;
		};
/* End XCVersionGroup section */
	};
	rootObject = 331FEAF121BAD14300815F8D /* Project object */;
}
